// !$*UTF8*$!
{
	archiveVersion = 1;
	classes = {
	};
	objectVersion = 50;
	objects = {

/* Begin PBXBuildFile section */
		A818C20C268D0609006DF178 /* RegisterSafeSpaceViewController.swift in Sources */ = {isa = PBXBuildFile; fileRef = A818C20B268D0609006DF178 /* RegisterSafeSpaceViewController.swift */; };
		A818C214268D2259006DF178 /* SecondViewController.swift in Sources */ = {isa = PBXBuildFile; fileRef = A818C213268D2259006DF178 /* SecondViewController.swift */; };
		A848DE3C268E37E700C564D4 /* UploadFileViewController.swift in Sources */ = {isa = PBXBuildFile; fileRef = A848DE3B268E37E700C564D4 /* UploadFileViewController.swift */; };
		A8BF974A268BA3BA00633E0C /* AppDelegate.swift in Sources */ = {isa = PBXBuildFile; fileRef = A8BF9749268BA3BA00633E0C /* AppDelegate.swift */; };
		A8BF974C268BA3BA00633E0C /* SceneDelegate.swift in Sources */ = {isa = PBXBuildFile; fileRef = A8BF974B268BA3BA00633E0C /* SceneDelegate.swift */; };
		A8BF974E268BA3BA00633E0C /* ViewController.swift in Sources */ = {isa = PBXBuildFile; fileRef = A8BF974D268BA3BA00633E0C /* ViewController.swift */; };
		A8BF9751268BA3BA00633E0C /* Main.storyboard in Resources */ = {isa = PBXBuildFile; fileRef = A8BF974F268BA3BA00633E0C /* Main.storyboard */; };
		A8BF9754268BA3BA00633E0C /* finaleapp.xcdatamodeld in Sources */ = {isa = PBXBuildFile; fileRef = A8BF9752268BA3BA00633E0C /* finaleapp.xcdatamodeld */; };
		A8BF9756268BA3BB00633E0C /* Assets.xcassets in Resources */ = {isa = PBXBuildFile; fileRef = A8BF9755268BA3BB00633E0C /* Assets.xcassets */; };
		A8BF9759268BA3BB00633E0C /* LaunchScreen.storyboard in Resources */ = {isa = PBXBuildFile; fileRef = A8BF9757268BA3BB00633E0C /* LaunchScreen.storyboard */; };
		A8BF9764268BA3BB00633E0C /* finaleappTests.swift in Sources */ = {isa = PBXBuildFile; fileRef = A8BF9763268BA3BB00633E0C /* finaleappTests.swift */; };
		A8BF976F268BA3BB00633E0C /* finaleappUITests.swift in Sources */ = {isa = PBXBuildFile; fileRef = A8BF976E268BA3BB00633E0C /* finaleappUITests.swift */; };
		A8DDB7F5268E312200149550 /* MapLocation1ViewController.swift in Sources */ = {isa = PBXBuildFile; fileRef = A8DDB7F4268E312200149550 /* MapLocation1ViewController.swift */; };
/* End PBXBuildFile section */

/* Begin PBXContainerItemProxy section */
		A8BF9760268BA3BB00633E0C /* PBXContainerItemProxy */ = {
			isa = PBXContainerItemProxy;
			containerPortal = A8BF973E268BA3BA00633E0C /* Project object */;
			proxyType = 1;
			remoteGlobalIDString = A8BF9745268BA3BA00633E0C;
			remoteInfo = finaleapp;
		};
		A8BF976B268BA3BB00633E0C /* PBXContainerItemProxy */ = {
			isa = PBXContainerItemProxy;
			containerPortal = A8BF973E268BA3BA00633E0C /* Project object */;
			proxyType = 1;
			remoteGlobalIDString = A8BF9745268BA3BA00633E0C;
			remoteInfo = finaleapp;
		};
/* End PBXContainerItemProxy section */

/* Begin PBXFileReference section */
		A818C20B268D0609006DF178 /* RegisterSafeSpaceViewController.swift */ = {isa = PBXFileReference; lastKnownFileType = sourcecode.swift; path = RegisterSafeSpaceViewController.swift; sourceTree = "<group>"; };
		A818C213268D2259006DF178 /* SecondViewController.swift */ = {isa = PBXFileReference; lastKnownFileType = sourcecode.swift; path = SecondViewController.swift; sourceTree = "<group>"; };
		A848DE3B268E37E700C564D4 /* UploadFileViewController.swift */ = {isa = PBXFileReference; lastKnownFileType = sourcecode.swift; path = UploadFileViewController.swift; sourceTree = "<group>"; };
		A8BF9746268BA3BA00633E0C /* finaleapp.app */ = {isa = PBXFileReference; explicitFileType = wrapper.application; includeInIndex = 0; path = finaleapp.app; sourceTree = BUILT_PRODUCTS_DIR; };
		A8BF9749268BA3BA00633E0C /* AppDelegate.swift */ = {isa = PBXFileReference; lastKnownFileType = sourcecode.swift; path = AppDelegate.swift; sourceTree = "<group>"; };
		A8BF974B268BA3BA00633E0C /* SceneDelegate.swift */ = {isa = PBXFileReference; lastKnownFileType = sourcecode.swift; path = SceneDelegate.swift; sourceTree = "<group>"; };
		A8BF974D268BA3BA00633E0C /* ViewController.swift */ = {isa = PBXFileReference; lastKnownFileType = sourcecode.swift; path = ViewController.swift; sourceTree = "<group>"; };
		A8BF9750268BA3BA00633E0C /* Base */ = {isa = PBXFileReference; lastKnownFileType = file.storyboard; name = Base; path = Base.lproj/Main.storyboard; sourceTree = "<group>"; };
		A8BF9753268BA3BA00633E0C /* finaleapp.xcdatamodel */ = {isa = PBXFileReference; lastKnownFileType = wrapper.xcdatamodel; path = finaleapp.xcdatamodel; sourceTree = "<group>"; };
		A8BF9755268BA3BB00633E0C /* Assets.xcassets */ = {isa = PBXFileReference; lastKnownFileType = folder.assetcatalog; path = Assets.xcassets; sourceTree = "<group>"; };
		A8BF9758268BA3BB00633E0C /* Base */ = {isa = PBXFileReference; lastKnownFileType = file.storyboard; name = Base; path = Base.lproj/LaunchScreen.storyboard; sourceTree = "<group>"; };
		A8BF975A268BA3BB00633E0C /* Info.plist */ = {isa = PBXFileReference; lastKnownFileType = text.plist.xml; path = Info.plist; sourceTree = "<group>"; };
		A8BF975F268BA3BB00633E0C /* finaleappTests.xctest */ = {isa = PBXFileReference; explicitFileType = wrapper.cfbundle; includeInIndex = 0; path = finaleappTests.xctest; sourceTree = BUILT_PRODUCTS_DIR; };
		A8BF9763268BA3BB00633E0C /* finaleappTests.swift */ = {isa = PBXFileReference; lastKnownFileType = sourcecode.swift; path = finaleappTests.swift; sourceTree = "<group>"; };
		A8BF9765268BA3BB00633E0C /* Info.plist */ = {isa = PBXFileReference; lastKnownFileType = text.plist.xml; path = Info.plist; sourceTree = "<group>"; };
		A8BF976A268BA3BB00633E0C /* finaleappUITests.xctest */ = {isa = PBXFileReference; explicitFileType = wrapper.cfbundle; includeInIndex = 0; path = finaleappUITests.xctest; sourceTree = BUILT_PRODUCTS_DIR; };
		A8BF976E268BA3BB00633E0C /* finaleappUITests.swift */ = {isa = PBXFileReference; lastKnownFileType = sourcecode.swift; path = finaleappUITests.swift; sourceTree = "<group>"; };
		A8BF9770268BA3BB00633E0C /* Info.plist */ = {isa = PBXFileReference; lastKnownFileType = text.plist.xml; path = Info.plist; sourceTree = "<group>"; };
		A8DDB7F4268E312200149550 /* MapLocation1ViewController.swift */ = {isa = PBXFileReference; lastKnownFileType = sourcecode.swift; path = MapLocation1ViewController.swift; sourceTree = "<group>"; };
/* End PBXFileReference section */

/* Begin PBXFrameworksBuildPhase section */
		A8BF9743268BA3BA00633E0C /* Frameworks */ = {
			isa = PBXFrameworksBuildPhase;
			buildActionMask = 2147483647;
			files = (
			);
			runOnlyForDeploymentPostprocessing = 0;
		};
		A8BF975C268BA3BB00633E0C /* Frameworks */ = {
			isa = PBXFrameworksBuildPhase;
			buildActionMask = 2147483647;
			files = (
			);
			runOnlyForDeploymentPostprocessing = 0;
		};
		A8BF9767268BA3BB00633E0C /* Frameworks */ = {
			isa = PBXFrameworksBuildPhase;
			buildActionMask = 2147483647;
			files = (
			);
			runOnlyForDeploymentPostprocessing = 0;
		};
/* End PBXFrameworksBuildPhase section */

/* Begin PBXGroup section */
		A8BF973D268BA3BA00633E0C = {
			isa = PBXGroup;
			children = (
				A8BF9748268BA3BA00633E0C /* finaleapp */,
				A8BF9762268BA3BB00633E0C /* finaleappTests */,
				A8BF976D268BA3BB00633E0C /* finaleappUITests */,
				A8BF9747268BA3BA00633E0C /* Products */,
			);
			sourceTree = "<group>";
		};
		A8BF9747268BA3BA00633E0C /* Products */ = {
			isa = PBXGroup;
			children = (
				A8BF9746268BA3BA00633E0C /* finaleapp.app */,
				A8BF975F268BA3BB00633E0C /* finaleappTests.xctest */,
				A8BF976A268BA3BB00633E0C /* finaleappUITests.xctest */,
			);
			name = Products;
			sourceTree = "<group>";
		};
		A8BF9748268BA3BA00633E0C /* finaleapp */ = {
			isa = PBXGroup;
			children = (
				A8DDB7F4268E312200149550 /* MapLocation1ViewController.swift */,
				A818C213268D2259006DF178 /* SecondViewController.swift */,
				A8BF9749268BA3BA00633E0C /* AppDelegate.swift */,
				A8BF974B268BA3BA00633E0C /* SceneDelegate.swift */,
				A8BF974F268BA3BA00633E0C /* Main.storyboard */,
				A8BF974D268BA3BA00633E0C /* ViewController.swift */,
				A818C20B268D0609006DF178 /* RegisterSafeSpaceViewController.swift */,
				A8BF9755268BA3BB00633E0C /* Assets.xcassets */,
				A8BF9757268BA3BB00633E0C /* LaunchScreen.storyboard */,
				A8BF975A268BA3BB00633E0C /* Info.plist */,
				A8BF9752268BA3BA00633E0C /* finaleapp.xcdatamodeld */,
				A848DE3B268E37E700C564D4 /* UploadFileViewController.swift */,
			);
			path = finaleapp;
			sourceTree = "<group>";
		};
		A8BF9762268BA3BB00633E0C /* finaleappTests */ = {
			isa = PBXGroup;
			children = (
				A8BF9763268BA3BB00633E0C /* finaleappTests.swift */,
				A8BF9765268BA3BB00633E0C /* Info.plist */,
			);
			path = finaleappTests;
			sourceTree = "<group>";
		};
		A8BF976D268BA3BB00633E0C /* finaleappUITests */ = {
			isa = PBXGroup;
			children = (
				A8BF976E268BA3BB00633E0C /* finaleappUITests.swift */,
				A8BF9770268BA3BB00633E0C /* Info.plist */,
			);
			path = finaleappUITests;
			sourceTree = "<group>";
		};
/* End PBXGroup section */

/* Begin PBXNativeTarget section */
		A8BF9745268BA3BA00633E0C /* finaleapp */ = {
			isa = PBXNativeTarget;
			buildConfigurationList = A8BF9773268BA3BB00633E0C /* Build configuration list for PBXNativeTarget "finaleapp" */;
			buildPhases = (
				A8BF9742268BA3BA00633E0C /* Sources */,
				A8BF9743268BA3BA00633E0C /* Frameworks */,
				A8BF9744268BA3BA00633E0C /* Resources */,
			);
			buildRules = (
			);
			dependencies = (
			);
			name = finaleapp;
			productName = finaleapp;
			productReference = A8BF9746268BA3BA00633E0C /* finaleapp.app */;
			productType = "com.apple.product-type.application";
		};
		A8BF975E268BA3BB00633E0C /* finaleappTests */ = {
			isa = PBXNativeTarget;
			buildConfigurationList = A8BF9776268BA3BB00633E0C /* Build configuration list for PBXNativeTarget "finaleappTests" */;
			buildPhases = (
				A8BF975B268BA3BB00633E0C /* Sources */,
				A8BF975C268BA3BB00633E0C /* Frameworks */,
				A8BF975D268BA3BB00633E0C /* Resources */,
			);
			buildRules = (
			);
			dependencies = (
				A8BF9761268BA3BB00633E0C /* PBXTargetDependency */,
			);
			name = finaleappTests;
			productName = finaleappTests;
			productReference = A8BF975F268BA3BB00633E0C /* finaleappTests.xctest */;
			productType = "com.apple.product-type.bundle.unit-test";
		};
		A8BF9769268BA3BB00633E0C /* finaleappUITests */ = {
			isa = PBXNativeTarget;
			buildConfigurationList = A8BF9779268BA3BB00633E0C /* Build configuration list for PBXNativeTarget "finaleappUITests" */;
			buildPhases = (
				A8BF9766268BA3BB00633E0C /* Sources */,
				A8BF9767268BA3BB00633E0C /* Frameworks */,
				A8BF9768268BA3BB00633E0C /* Resources */,
			);
			buildRules = (
			);
			dependencies = (
				A8BF976C268BA3BB00633E0C /* PBXTargetDependency */,
			);
			name = finaleappUITests;
			productName = finaleappUITests;
			productReference = A8BF976A268BA3BB00633E0C /* finaleappUITests.xctest */;
			productType = "com.apple.product-type.bundle.ui-testing";
		};
/* End PBXNativeTarget section */

/* Begin PBXProject section */
		A8BF973E268BA3BA00633E0C /* Project object */ = {
			isa = PBXProject;
			attributes = {
				LastSwiftUpdateCheck = 1250;
				LastUpgradeCheck = 1250;
				TargetAttributes = {
					A8BF9745268BA3BA00633E0C = {
						CreatedOnToolsVersion = 12.5;
					};
					A8BF975E268BA3BB00633E0C = {
						CreatedOnToolsVersion = 12.5;
						TestTargetID = A8BF9745268BA3BA00633E0C;
					};
					A8BF9769268BA3BB00633E0C = {
						CreatedOnToolsVersion = 12.5;
						TestTargetID = A8BF9745268BA3BA00633E0C;
					};
				};
			};
			buildConfigurationList = A8BF9741268BA3BA00633E0C /* Build configuration list for PBXProject "finaleapp" */;
			compatibilityVersion = "Xcode 9.3";
			developmentRegion = en;
			hasScannedForEncodings = 0;
			knownRegions = (
				en,
				Base,
			);
			mainGroup = A8BF973D268BA3BA00633E0C;
			productRefGroup = A8BF9747268BA3BA00633E0C /* Products */;
			projectDirPath = "";
			projectRoot = "";
			targets = (
				A8BF9745268BA3BA00633E0C /* finaleapp */,
				A8BF975E268BA3BB00633E0C /* finaleappTests */,
				A8BF9769268BA3BB00633E0C /* finaleappUITests */,
			);
		};
/* End PBXProject section */

/* Begin PBXResourcesBuildPhase section */
		A8BF9744268BA3BA00633E0C /* Resources */ = {
			isa = PBXResourcesBuildPhase;
			buildActionMask = 2147483647;
			files = (
				A8BF9759268BA3BB00633E0C /* LaunchScreen.storyboard in Resources */,
				A8BF9756268BA3BB00633E0C /* Assets.xcassets in Resources */,
				A8BF9751268BA3BA00633E0C /* Main.storyboard in Resources */,
			);
			runOnlyForDeploymentPostprocessing = 0;
		};
		A8BF975D268BA3BB00633E0C /* Resources */ = {
			isa = PBXResourcesBuildPhase;
			buildActionMask = 2147483647;
			files = (
			);
			runOnlyForDeploymentPostprocessing = 0;
		};
		A8BF9768268BA3BB00633E0C /* Resources */ = {
			isa = PBXResourcesBuildPhase;
			buildActionMask = 2147483647;
			files = (
			);
			runOnlyForDeploymentPostprocessing = 0;
		};
/* End PBXResourcesBuildPhase section */

/* Begin PBXSourcesBuildPhase section */
		A8BF9742268BA3BA00633E0C /* Sources */ = {
			isa = PBXSourcesBuildPhase;
			buildActionMask = 2147483647;
			files = (
				A8BF974E268BA3BA00633E0C /* ViewController.swift in Sources */,
				A818C20C268D0609006DF178 /* RegisterSafeSpaceViewController.swift in Sources */,
				A8BF974A268BA3BA00633E0C /* AppDelegate.swift in Sources */,
				A818C214268D2259006DF178 /* SecondViewController.swift in Sources */,
				A8BF9754268BA3BA00633E0C /* finaleapp.xcdatamodeld in Sources */,
				A848DE3C268E37E700C564D4 /* UploadFileViewController.swift in Sources */,
				A8BF974C268BA3BA00633E0C /* SceneDelegate.swift in Sources */,
				A8DDB7F5268E312200149550 /* MapLocation1ViewController.swift in Sources */,
			);
			runOnlyForDeploymentPostprocessing = 0;
		};
		A8BF975B268BA3BB00633E0C /* Sources */ = {
			isa = PBXSourcesBuildPhase;
			buildActionMask = 2147483647;
			files = (
				A8BF9764268BA3BB00633E0C /* finaleappTests.swift in Sources */,
			);
			runOnlyForDeploymentPostprocessing = 0;
		};
		A8BF9766268BA3BB00633E0C /* Sources */ = {
			isa = PBXSourcesBuildPhase;
			buildActionMask = 2147483647;
			files = (
				A8BF976F268BA3BB00633E0C /* finaleappUITests.swift in Sources */,
			);
			runOnlyForDeploymentPostprocessing = 0;
		};
/* End PBXSourcesBuildPhase section */

/* Begin PBXTargetDependency section */
		A8BF9761268BA3BB00633E0C /* PBXTargetDependency */ = {
			isa = PBXTargetDependency;
			target = A8BF9745268BA3BA00633E0C /* finaleapp */;
			targetProxy = A8BF9760268BA3BB00633E0C /* PBXContainerItemProxy */;
		};
		A8BF976C268BA3BB00633E0C /* PBXTargetDependency */ = {
			isa = PBXTargetDependency;
			target = A8BF9745268BA3BA00633E0C /* finaleapp */;
			targetProxy = A8BF976B268BA3BB00633E0C /* PBXContainerItemProxy */;
		};
/* End PBXTargetDependency section */

/* Begin PBXVariantGroup section */
		A8BF974F268BA3BA00633E0C /* Main.storyboard */ = {
			isa = PBXVariantGroup;
			children = (
				A8BF9750268BA3BA00633E0C /* Base */,
			);
			name = Main.storyboard;
			sourceTree = "<group>";
		};
		A8BF9757268BA3BB00633E0C /* LaunchScreen.storyboard */ = {
			isa = PBXVariantGroup;
			children = (
				A8BF9758268BA3BB00633E0C /* Base */,
			);
			name = LaunchScreen.storyboard;
			sourceTree = "<group>";
		};
/* End PBXVariantGroup section */

/* Begin XCBuildConfiguration section */
		A8BF9771268BA3BB00633E0C /* Debug */ = {
			isa = XCBuildConfiguration;
			buildSettings = {
				ALWAYS_SEARCH_USER_PATHS = NO;
				CLANG_ANALYZER_NONNULL = YES;
				CLANG_ANALYZER_NUMBER_OBJECT_CONVERSION = YES_AGGRESSIVE;
				CLANG_CXX_LANGUAGE_STANDARD = "gnu++14";
				CLANG_CXX_LIBRARY = "libc++";
				CLANG_ENABLE_MODULES = YES;
				CLANG_ENABLE_OBJC_ARC = YES;
				CLANG_ENABLE_OBJC_WEAK = YES;
				CLANG_WARN_BLOCK_CAPTURE_AUTORELEASING = YES;
				CLANG_WARN_BOOL_CONVERSION = YES;
				CLANG_WARN_COMMA = YES;
				CLANG_WARN_CONSTANT_CONVERSION = YES;
				CLANG_WARN_DEPRECATED_OBJC_IMPLEMENTATIONS = YES;
				CLANG_WARN_DIRECT_OBJC_ISA_USAGE = YES_ERROR;
				CLANG_WARN_DOCUMENTATION_COMMENTS = YES;
				CLANG_WARN_EMPTY_BODY = YES;
				CLANG_WARN_ENUM_CONVERSION = YES;
				CLANG_WARN_INFINITE_RECURSION = YES;
				CLANG_WARN_INT_CONVERSION = YES;
				CLANG_WARN_NON_LITERAL_NULL_CONVERSION = YES;
				CLANG_WARN_OBJC_IMPLICIT_RETAIN_SELF = YES;
				CLANG_WARN_OBJC_LITERAL_CONVERSION = YES;
				CLANG_WARN_OBJC_ROOT_CLASS = YES_ERROR;
				CLANG_WARN_QUOTED_INCLUDE_IN_FRAMEWORK_HEADER = YES;
				CLANG_WARN_RANGE_LOOP_ANALYSIS = YES;
				CLANG_WARN_STRICT_PROTOTYPES = YES;
				CLANG_WARN_SUSPICIOUS_MOVE = YES;
				CLANG_WARN_UNGUARDED_AVAILABILITY = YES_AGGRESSIVE;
				CLANG_WARN_UNREACHABLE_CODE = YES;
				CLANG_WARN__DUPLICATE_METHOD_MATCH = YES;
				COPY_PHASE_STRIP = NO;
				DEBUG_INFORMATION_FORMAT = dwarf;
				ENABLE_STRICT_OBJC_MSGSEND = YES;
				ENABLE_TESTABILITY = YES;
				GCC_C_LANGUAGE_STANDARD = gnu11;
				GCC_DYNAMIC_NO_PIC = NO;
				GCC_NO_COMMON_BLOCKS = YES;
				GCC_OPTIMIZATION_LEVEL = 0;
				GCC_PREPROCESSOR_DEFINITIONS = (
					"DEBUG=1",
					"$(inherited)",
				);
				GCC_WARN_64_TO_32_BIT_CONVERSION = YES;
				GCC_WARN_ABOUT_RETURN_TYPE = YES_ERROR;
				GCC_WARN_UNDECLARED_SELECTOR = YES;
				GCC_WARN_UNINITIALIZED_AUTOS = YES_AGGRESSIVE;
				GCC_WARN_UNUSED_FUNCTION = YES;
				GCC_WARN_UNUSED_VARIABLE = YES;
				IPHONEOS_DEPLOYMENT_TARGET = 14.5;
				MTL_ENABLE_DEBUG_INFO = INCLUDE_SOURCE;
				MTL_FAST_MATH = YES;
				ONLY_ACTIVE_ARCH = YES;
				SDKROOT = iphoneos;
				SWIFT_ACTIVE_COMPILATION_CONDITIONS = DEBUG;
				SWIFT_OPTIMIZATION_LEVEL = "-Onone";
			};
			name = Debug;
		};
		A8BF9772268BA3BB00633E0C /* Release */ = {
			isa = XCBuildConfiguration;
			buildSettings = {
				ALWAYS_SEARCH_USER_PATHS = NO;
				CLANG_ANALYZER_NONNULL = YES;
				CLANG_ANALYZER_NUMBER_OBJECT_CONVERSION = YES_AGGRESSIVE;
				CLANG_CXX_LANGUAGE_STANDARD = "gnu++14";
				CLANG_CXX_LIBRARY = "libc++";
				CLANG_ENABLE_MODULES = YES;
				CLANG_ENABLE_OBJC_ARC = YES;
				CLANG_ENABLE_OBJC_WEAK = YES;
				CLANG_WARN_BLOCK_CAPTURE_AUTORELEASING = YES;
				CLANG_WARN_BOOL_CONVERSION = YES;
				CLANG_WARN_COMMA = YES;
				CLANG_WARN_CONSTANT_CONVERSION = YES;
				CLANG_WARN_DEPRECATED_OBJC_IMPLEMENTATIONS = YES;
				CLANG_WARN_DIRECT_OBJC_ISA_USAGE = YES_ERROR;
				CLANG_WARN_DOCUMENTATION_COMMENTS = YES;
				CLANG_WARN_EMPTY_BODY = YES;
				CLANG_WARN_ENUM_CONVERSION = YES;
				CLANG_WARN_INFINITE_RECURSION = YES;
				CLANG_WARN_INT_CONVERSION = YES;
				CLANG_WARN_NON_LITERAL_NULL_CONVERSION = YES;
				CLANG_WARN_OBJC_IMPLICIT_RETAIN_SELF = YES;
				CLANG_WARN_OBJC_LITERAL_CONVERSION = YES;
				CLANG_WARN_OBJC_ROOT_CLASS = YES_ERROR;
				CLANG_WARN_QUOTED_INCLUDE_IN_FRAMEWORK_HEADER = YES;
				CLANG_WARN_RANGE_LOOP_ANALYSIS = YES;
				CLANG_WARN_STRICT_PROTOTYPES = YES;
				CLANG_WARN_SUSPICIOUS_MOVE = YES;
				CLANG_WARN_UNGUARDED_AVAILABILITY = YES_AGGRESSIVE;
				CLANG_WARN_UNREACHABLE_CODE = YES;
				CLANG_WARN__DUPLICATE_METHOD_MATCH = YES;
				COPY_PHASE_STRIP = NO;
				DEBUG_INFORMATION_FORMAT = "dwarf-with-dsym";
				ENABLE_NS_ASSERTIONS = NO;
				ENABLE_STRICT_OBJC_MSGSEND = YES;
				GCC_C_LANGUAGE_STANDARD = gnu11;
				GCC_NO_COMMON_BLOCKS = YES;
				GCC_WARN_64_TO_32_BIT_CONVERSION = YES;
				GCC_WARN_ABOUT_RETURN_TYPE = YES_ERROR;
				GCC_WARN_UNDECLARED_SELECTOR = YES;
				GCC_WARN_UNINITIALIZED_AUTOS = YES_AGGRESSIVE;
				GCC_WARN_UNUSED_FUNCTION = YES;
				GCC_WARN_UNUSED_VARIABLE = YES;
				IPHONEOS_DEPLOYMENT_TARGET = 14.5;
				MTL_ENABLE_DEBUG_INFO = NO;
				MTL_FAST_MATH = YES;
				SDKROOT = iphoneos;
				SWIFT_COMPILATION_MODE = wholemodule;
				SWIFT_OPTIMIZATION_LEVEL = "-O";
				VALIDATE_PRODUCT = YES;
			};
			name = Release;
		};
		A8BF9774268BA3BB00633E0C /* Debug */ = {
			isa = XCBuildConfiguration;
			buildSettings = {
				ASSETCATALOG_COMPILER_APPICON_NAME = AppIcon;
				ASSETCATALOG_COMPILER_GLOBAL_ACCENT_COLOR_NAME = AccentColor;
				CODE_SIGN_STYLE = Automatic;
				INFOPLIST_FILE = finaleapp/Info.plist;
				LD_RUNPATH_SEARCH_PATHS = (
					"$(inherited)",
					"@executable_path/Frameworks",
				);
				PRODUCT_BUNDLE_IDENTIFIER = Naomi.finaleapp;
				PRODUCT_NAME = "$(TARGET_NAME)";
				SWIFT_VERSION = 5.0;
				TARGETED_DEVICE_FAMILY = "1,2";
			};
			name = Debug;
		};
		A8BF9775268BA3BB00633E0C /* Release */ = {
			isa = XCBuildConfiguration;
			buildSettings = {
				ASSETCATALOG_COMPILER_APPICON_NAME = AppIcon;
				ASSETCATALOG_COMPILER_GLOBAL_ACCENT_COLOR_NAME = AccentColor;
				CODE_SIGN_STYLE = Automatic;
				INFOPLIST_FILE = finaleapp/Info.plist;
				LD_RUNPATH_SEARCH_PATHS = (
					"$(inherited)",
					"@executable_path/Frameworks",
				);
				PRODUCT_BUNDLE_IDENTIFIER = Naomi.finaleapp;
				PRODUCT_NAME = "$(TARGET_NAME)";
				SWIFT_VERSION = 5.0;
				TARGETED_DEVICE_FAMILY = "1,2";
			};
			name = Release;
		};
		A8BF9777268BA3BB00633E0C /* Debug */ = {
			isa = XCBuildConfiguration;
			buildSettings = {
				ALWAYS_EMBED_SWIFT_STANDARD_LIBRARIES = YES;
				BUNDLE_LOADER = "$(TEST_HOST)";
				CODE_SIGN_STYLE = Automatic;
				INFOPLIST_FILE = finaleappTests/Info.plist;
				IPHONEOS_DEPLOYMENT_TARGET = 14.5;
				LD_RUNPATH_SEARCH_PATHS = (
					"$(inherited)",
					"@executable_path/Frameworks",
					"@loader_path/Frameworks",
				);
				PRODUCT_BUNDLE_IDENTIFIER = Naomi.finaleappTests;
				PRODUCT_NAME = "$(TARGET_NAME)";
				SWIFT_VERSION = 5.0;
				TARGETED_DEVICE_FAMILY = "1,2";
				TEST_HOST = "$(BUILT_PRODUCTS_DIR)/finaleapp.app/finaleapp";
			};
			name = Debug;
		};
		A8BF9778268BA3BB00633E0C /* Release */ = {
			isa = XCBuildConfiguration;
			buildSettings = {
				ALWAYS_EMBED_SWIFT_STANDARD_LIBRARIES = YES;
				BUNDLE_LOADER = "$(TEST_HOST)";
				CODE_SIGN_STYLE = Automatic;
				INFOPLIST_FILE = finaleappTests/Info.plist;
				IPHONEOS_DEPLOYMENT_TARGET = 14.5;
				LD_RUNPATH_SEARCH_PATHS = (
					"$(inherited)",
					"@executable_path/Frameworks",
					"@loader_path/Frameworks",
				);
				PRODUCT_BUNDLE_IDENTIFIER = Naomi.finaleappTests;
				PRODUCT_NAME = "$(TARGET_NAME)";
				SWIFT_VERSION = 5.0;
				TARGETED_DEVICE_FAMILY = "1,2";
				TEST_HOST = "$(BUILT_PRODUCTS_DIR)/finaleapp.app/finaleapp";
			};
			name = Release;
		};
		A8BF977A268BA3BB00633E0C /* Debug */ = {
			isa = XCBuildConfiguration;
			buildSettings = {
				ALWAYS_EMBED_SWIFT_STANDARD_LIBRARIES = YES;
				CODE_SIGN_STYLE = Automatic;
				INFOPLIST_FILE = finaleappUITests/Info.plist;
				LD_RUNPATH_SEARCH_PATHS = (
					"$(inherited)",
					"@executable_path/Frameworks",
					"@loader_path/Frameworks",
				);
				PRODUCT_BUNDLE_IDENTIFIER = Naomi.finaleappUITests;
				PRODUCT_NAME = "$(TARGET_NAME)";
				SWIFT_VERSION = 5.0;
				TARGETED_DEVICE_FAMILY = "1,2";
				TEST_TARGET_NAME = finaleapp;
			};
			name = Debug;
		};
		A8BF977B268BA3BB00633E0C /* Release */ = {
			isa = XCBuildConfiguration;
			buildSettings = {
				ALWAYS_EMBED_SWIFT_STANDARD_LIBRARIES = YES;
				CODE_SIGN_STYLE = Automatic;
				INFOPLIST_FILE = finaleappUITests/Info.plist;
				LD_RUNPATH_SEARCH_PATHS = (
					"$(inherited)",
					"@executable_path/Frameworks",
					"@loader_path/Frameworks",
				);
				PRODUCT_BUNDLE_IDENTIFIER = Naomi.finaleappUITests;
				PRODUCT_NAME = "$(TARGET_NAME)";
				SWIFT_VERSION = 5.0;
				TARGETED_DEVICE_FAMILY = "1,2";
				TEST_TARGET_NAME = finaleapp;
			};
			name = Release;
		};
/* End XCBuildConfiguration section */

/* Begin XCConfigurationList section */
		A8BF9741268BA3BA00633E0C /* Build configuration list for PBXProject "finaleapp" */ = {
			isa = XCConfigurationList;
			buildConfigurations = (
				A8BF9771268BA3BB00633E0C /* Debug */,
				A8BF9772268BA3BB00633E0C /* Release */,
			);
			defaultConfigurationIsVisible = 0;
			defaultConfigurationName = Release;
		};
		A8BF9773268BA3BB00633E0C /* Build configuration list for PBXNativeTarget "finaleapp" */ = {
			isa = XCConfigurationList;
			buildConfigurations = (
				A8BF9774268BA3BB00633E0C /* Debug */,
				A8BF9775268BA3BB00633E0C /* Release */,
			);
			defaultConfigurationIsVisible = 0;
			defaultConfigurationName = Release;
		};
		A8BF9776268BA3BB00633E0C /* Build configuration list for PBXNativeTarget "finaleappTests" */ = {
			isa = XCConfigurationList;
			buildConfigurations = (
				A8BF9777268BA3BB00633E0C /* Debug */,
				A8BF9778268BA3BB00633E0C /* Release */,
			);
			defaultConfigurationIsVisible = 0;
			defaultConfigurationName = Release;
		};
		A8BF9779268BA3BB00633E0C /* Build configuration list for PBXNativeTarget "finaleappUITests" */ = {
			isa = XCConfigurationList;
			buildConfigurations = (
				A8BF977A268BA3BB00633E0C /* Debug */,
				A8BF977B268BA3BB00633E0C /* Release */,
			);
			defaultConfigurationIsVisible = 0;
			defaultConfigurationName = Release;
		};
/* End XCConfigurationList section */

/* Begin XCVersionGroup section */
		A8BF9752268BA3BA00633E0C /* finaleapp.xcdatamodeld */ = {
			isa = XCVersionGroup;
			children = (
				A8BF9753268BA3BA00633E0C /* finaleapp.xcdatamodel */,
			);
			currentVersion = A8BF9753268BA3BA00633E0C /* finaleapp.xcdatamodel */;
			path = finaleapp.xcdatamodeld;
			sourceTree = "<group>";
			versionGroupType = wrapper.xcdatamodel;
		};
/* End XCVersionGroup section */
	};
	rootObject = A8BF973E268BA3BA00633E0C /* Project object */;
}
